
Microsoft Visual Studio Solution File, Format Version 12.00
# Visual Studio Version 16
VisualStudioVersion = 16.0.30225.117
MinimumVisualStudioVersion = 10.0.40219.1
Project("{FAE04EC0-301F-11D3-BF4B-00C04F79EFBC}") = "Vcc.Common", "Vcc.Common\Vcc.Common.csproj", "{90128E43-9E8C-486B-9B6D-602113627C58}"
EndProject
Project("{FAE04EC0-301F-11D3-BF4B-00C04F79EFBC}") = "Vcc.Web", "Vcc.Web\Vcc.Web.csproj", "{77DC943C-5D22-4B7C-B95D-C13B38320398}"
EndProject
Project("{FAE04EC0-301F-11D3-BF4B-00C04F79EFBC}") = "Vcc.Prism", "Vcc.Prism\Vcc.Prism\Vcc.Prism.csproj", "{8CE11BCF-CCCE-4C3B-95A7-BC68C2210650}"
EndProject
Project("{FAE04EC0-301F-11D3-BF4B-00C04F79EFBC}") = "Vcc.Prism.Android", "Vcc.Prism\Vcc.Prism.Android\Vcc.Prism.Android.csproj", "{80A7274E-9B8D-487C-B7C6-19A6F6858464}"
EndProject
Project("{FAE04EC0-301F-11D3-BF4B-00C04F79EFBC}") = "Vcc.Prism.iOS", "Vcc.Prism\Vcc.Prism.iOS\Vcc.Prism.iOS.csproj", "{C925E382-4A13-4278-8C91-378912AC43AE}"
EndProject
Global
	GlobalSection(SolutionConfigurationPlatforms) = preSolution
		Ad-Hoc|Any CPU = Ad-Hoc|Any CPU
		Ad-Hoc|iPhone = Ad-Hoc|iPhone
		Ad-Hoc|iPhoneSimulator = Ad-Hoc|iPhoneSimulator
		AppStore|Any CPU = AppStore|Any CPU
		AppStore|iPhone = AppStore|iPhone
		AppStore|iPhoneSimulator = AppStore|iPhoneSimulator
		Debug|Any CPU = Debug|Any CPU
		Debug|iPhone = Debug|iPhone
		Debug|iPhoneSimulator = Debug|iPhoneSimulator
		Release|Any CPU = Release|Any CPU
		Release|iPhone = Release|iPhone
		Release|iPhoneSimulator = Release|iPhoneSimulator
	EndGlobalSection
	GlobalSection(ProjectConfigurationPlatforms) = postSolution
		{90128E43-9E8C-486B-9B6D-602113627C58}.Ad-Hoc|Any CPU.ActiveCfg = Debug|Any CPU
		{90128E43-9E8C-486B-9B6D-602113627C58}.Ad-Hoc|Any CPU.Build.0 = Debug|Any CPU
		{90128E43-9E8C-486B-9B6D-602113627C58}.Ad-Hoc|iPhone.ActiveCfg = Debug|Any CPU
		{90128E43-9E8C-486B-9B6D-602113627C58}.Ad-Hoc|iPhone.Build.0 = Debug|Any CPU
		{90128E43-9E8C-486B-9B6D-602113627C58}.Ad-Hoc|iPhoneSimulator.ActiveCfg = Debug|Any CPU
		{90128E43-9E8C-486B-9B6D-602113627C58}.Ad-Hoc|iPhoneSimulator.Build.0 = Debug|Any CPU
		{90128E43-9E8C-486B-9B6D-602113627C58}.AppStore|Any CPU.ActiveCfg = Debug|Any CPU
		{90128E43-9E8C-486B-9B6D-602113627C58}.AppStore|Any CPU.Build.0 = Debug|Any CPU
		{90128E43-9E8C-486B-9B6D-602113627C58}.AppStore|iPhone.ActiveCfg = Debug|Any CPU
		{90128E43-9E8C-486B-9B6D-602113627C58}.AppStore|iPhone.Build.0 = Debug|Any CPU
		{90128E43-9E8C-486B-9B6D-602113627C58}.AppStore|iPhoneSimulator.ActiveCfg = Debug|Any CPU
		{90128E43-9E8C-486B-9B6D-602113627C58}.AppStore|iPhoneSimulator.Build.0 = Debug|Any CPU
		{90128E43-9E8C-486B-9B6D-602113627C58}.Debug|Any CPU.ActiveCfg = Debug|Any CPU
		{90128E43-9E8C-486B-9B6D-602113627C58}.Debug|Any CPU.Build.0 = Debug|Any CPU
		{90128E43-9E8C-486B-9B6D-602113627C58}.Debug|iPhone.ActiveCfg = Debug|Any CPU
		{90128E43-9E8C-486B-9B6D-602113627C58}.Debug|iPhone.Build.0 = Debug|Any CPU
		{90128E43-9E8C-486B-9B6D-602113627C58}.Debug|iPhoneSimulator.ActiveCfg = Debug|Any CPU
		{90128E43-9E8C-486B-9B6D-602113627C58}.Debug|iPhoneSimulator.Build.0 = Debug|Any CPU
		{90128E43-9E8C-486B-9B6D-602113627C58}.Release|Any CPU.ActiveCfg = Release|Any CPU
		{90128E43-9E8C-486B-9B6D-602113627C58}.Release|Any CPU.Build.0 = Release|Any CPU
		{90128E43-9E8C-486B-9B6D-602113627C58}.Release|iPhone.ActiveCfg = Release|Any CPU
		{90128E43-9E8C-486B-9B6D-602113627C58}.Release|iPhone.Build.0 = Release|Any CPU
		{90128E43-9E8C-486B-9B6D-602113627C58}.Release|iPhoneSimulator.ActiveCfg = Release|Any CPU
		{90128E43-9E8C-486B-9B6D-602113627C58}.Release|iPhoneSimulator.Build.0 = Release|Any CPU
		{77DC943C-5D22-4B7C-B95D-C13B38320398}.Ad-Hoc|Any CPU.ActiveCfg = Debug|Any CPU
		{77DC943C-5D22-4B7C-B95D-C13B38320398}.Ad-Hoc|Any CPU.Build.0 = Debug|Any CPU
		{77DC943C-5D22-4B7C-B95D-C13B38320398}.Ad-Hoc|iPhone.ActiveCfg = Debug|Any CPU
		{77DC943C-5D22-4B7C-B95D-C13B38320398}.Ad-Hoc|iPhone.Build.0 = Debug|Any CPU
		{77DC943C-5D22-4B7C-B95D-C13B38320398}.Ad-Hoc|iPhoneSimulator.ActiveCfg = Debug|Any CPU
		{77DC943C-5D22-4B7C-B95D-C13B38320398}.Ad-Hoc|iPhoneSimulator.Build.0 = Debug|Any CPU
		{77DC943C-5D22-4B7C-B95D-C13B38320398}.AppStore|Any CPU.ActiveCfg = Debug|Any CPU
		{77DC943C-5D22-4B7C-B95D-C13B38320398}.AppStore|Any CPU.Build.0 = Debug|Any CPU
		{77DC943C-5D22-4B7C-B95D-C13B38320398}.AppStore|iPhone.ActiveCfg = Debug|Any CPU
		{77DC943C-5D22-4B7C-B95D-C13B38320398}.AppStore|iPhone.Build.0 = Debug|Any CPU
		{77DC943C-5D22-4B7C-B95D-C13B38320398}.AppStore|iPhoneSimulator.ActiveCfg = Debug|Any CPU
		{77DC943C-5D22-4B7C-B95D-C13B38320398}.AppStore|iPhoneSimulator.Build.0 = Debug|Any CPU
		{77DC943C-5D22-4B7C-B95D-C13B38320398}.Debug|Any CPU.ActiveCfg = Debug|Any CPU
		{77DC943C-5D22-4B7C-B95D-C13B38320398}.Debug|Any CPU.Build.0 = Debug|Any CPU
		{77DC943C-5D22-4B7C-B95D-C13B38320398}.Debug|iPhone.ActiveCfg = Debug|Any CPU
		{77DC943C-5D22-4B7C-B95D-C13B38320398}.Debug|iPhone.Build.0 = Debug|Any CPU
		{77DC943C-5D22-4B7C-B95D-C13B38320398}.Debug|iPhoneSimulator.ActiveCfg = Debug|Any CPU
		{77DC943C-5D22-4B7C-B95D-C13B38320398}.Debug|iPhoneSimulator.Build.0 = Debug|Any CPU
		{77DC943C-5D22-4B7C-B95D-C13B38320398}.Release|Any CPU.ActiveCfg = Release|Any CPU
		{77DC943C-5D22-4B7C-B95D-C13B38320398}.Release|Any CPU.Build.0 = Release|Any CPU
		{77DC943C-5D22-4B7C-B95D-C13B38320398}.Release|iPhone.ActiveCfg = Release|Any CPU
		{77DC943C-5D22-4B7C-B95D-C13B38320398}.Release|iPhone.Build.0 = Release|Any CPU
		{77DC943C-5D22-4B7C-B95D-C13B38320398}.Release|iPhoneSimulator.ActiveCfg = Release|Any CPU
		{77DC943C-5D22-4B7C-B95D-C13B38320398}.Release|iPhoneSimulator.Build.0 = Release|Any CPU
		{8CE11BCF-CCCE-4C3B-95A7-BC68C2210650}.Ad-Hoc|Any CPU.ActiveCfg = Debug|Any CPU
		{8CE11BCF-CCCE-4C3B-95A7-BC68C2210650}.Ad-Hoc|Any CPU.Build.0 = Debug|Any CPU
		{8CE11BCF-CCCE-4C3B-95A7-BC68C2210650}.Ad-Hoc|iPhone.ActiveCfg = Debug|Any CPU
		{8CE11BCF-CCCE-4C3B-95A7-BC68C2210650}.Ad-Hoc|iPhone.Build.0 = Debug|Any CPU
		{8CE11BCF-CCCE-4C3B-95A7-BC68C2210650}.Ad-Hoc|iPhoneSimulator.ActiveCfg = Debug|Any CPU
		{8CE11BCF-CCCE-4C3B-95A7-BC68C2210650}.Ad-Hoc|iPhoneSimulator.Build.0 = Debug|Any CPU
		{8CE11BCF-CCCE-4C3B-95A7-BC68C2210650}.AppStore|Any CPU.ActiveCfg = Debug|Any CPU
		{8CE11BCF-CCCE-4C3B-95A7-BC68C2210650}.AppStore|Any CPU.Build.0 = Debug|Any CPU
		{8CE11BCF-CCCE-4C3B-95A7-BC68C2210650}.AppStore|iPhone.ActiveCfg = Debug|Any CPU
		{8CE11BCF-CCCE-4C3B-95A7-BC68C2210650}.AppStore|iPhone.Build.0 = Debug|Any CPU
		{8CE11BCF-CCCE-4C3B-95A7-BC68C2210650}.AppStore|iPhoneSimulator.ActiveCfg = Debug|Any CPU
		{8CE11BCF-CCCE-4C3B-95A7-BC68C2210650}.AppStore|iPhoneSimulator.Build.0 = Debug|Any CPU
		{8CE11BCF-CCCE-4C3B-95A7-BC68C2210650}.Debug|Any CPU.ActiveCfg = Debug|Any CPU
		{8CE11BCF-CCCE-4C3B-95A7-BC68C2210650}.Debug|Any CPU.Build.0 = Debug|Any CPU
		{8CE11BCF-CCCE-4C3B-95A7-BC68C2210650}.Debug|iPhone.ActiveCfg = Debug|Any CPU
		{8CE11BCF-CCCE-4C3B-95A7-BC68C2210650}.Debug|iPhone.Build.0 = Debug|Any CPU
		{8CE11BCF-CCCE-4C3B-95A7-BC68C2210650}.Debug|iPhoneSimulator.ActiveCfg = Debug|Any CPU
		{8CE11BCF-CCCE-4C3B-95A7-BC68C2210650}.Debug|iPhoneSimulator.Build.0 = Debug|Any CPU
		{8CE11BCF-CCCE-4C3B-95A7-BC68C2210650}.Release|Any CPU.ActiveCfg = Release|Any CPU
		{8CE11BCF-CCCE-4C3B-95A7-BC68C2210650}.Release|Any CPU.Build.0 = Release|Any CPU
		{8CE11BCF-CCCE-4C3B-95A7-BC68C2210650}.Release|iPhone.ActiveCfg = Release|Any CPU
		{8CE11BCF-CCCE-4C3B-95A7-BC68C2210650}.Release|iPhone.Build.0 = Release|Any CPU
		{8CE11BCF-CCCE-4C3B-95A7-BC68C2210650}.Release|iPhoneSimulator.ActiveCfg = Release|Any CPU
		{8CE11BCF-CCCE-4C3B-95A7-BC68C2210650}.Release|iPhoneSimulator.Build.0 = Release|Any CPU
		{80A7274E-9B8D-487C-B7C6-19A6F6858464}.Ad-Hoc|Any CPU.ActiveCfg = Release|Any CPU
		{80A7274E-9B8D-487C-B7C6-19A6F6858464}.Ad-Hoc|Any CPU.Build.0 = Release|Any CPU
		{80A7274E-9B8D-487C-B7C6-19A6F6858464}.Ad-Hoc|Any CPU.Deploy.0 = Release|Any CPU
		{80A7274E-9B8D-487C-B7C6-19A6F6858464}.Ad-Hoc|iPhone.ActiveCfg = Release|Any CPU
		{80A7274E-9B8D-487C-B7C6-19A6F6858464}.Ad-Hoc|iPhone.Build.0 = Release|Any CPU
		{80A7274E-9B8D-487C-B7C6-19A6F6858464}.Ad-Hoc|iPhone.Deploy.0 = Release|Any CPU
		{80A7274E-9B8D-487C-B7C6-19A6F6858464}.Ad-Hoc|iPhoneSimulator.ActiveCfg = Release|Any CPU
		{80A7274E-9B8D-487C-B7C6-19A6F6858464}.Ad-Hoc|iPhoneSimulator.Build.0 = Release|Any CPU
		{80A7274E-9B8D-487C-B7C6-19A6F6858464}.Ad-Hoc|iPhoneSimulator.Deploy.0 = Release|Any CPU
		{80A7274E-9B8D-487C-B7C6-19A6F6858464}.AppStore|Any CPU.ActiveCfg = Release|Any CPU
		{80A7274E-9B8D-487C-B7C6-19A6F6858464}.AppStore|Any CPU.Build.0 = Release|Any CPU
		{80A7274E-9B8D-487C-B7C6-19A6F6858464}.AppStore|Any CPU.Deploy.0 = Release|Any CPU
		{80A7274E-9B8D-487C-B7C6-19A6F6858464}.AppStore|iPhone.ActiveCfg = Release|Any CPU
		{80A7274E-9B8D-487C-B7C6-19A6F6858464}.AppStore|iPhone.Build.0 = Release|Any CPU
		{80A7274E-9B8D-487C-B7C6-19A6F6858464}.AppStore|iPhone.Deploy.0 = Release|Any CPU
		{80A7274E-9B8D-487C-B7C6-19A6F6858464}.AppStore|iPhoneSimulator.ActiveCfg = Release|Any CPU
		{80A7274E-9B8D-487C-B7C6-19A6F6858464}.AppStore|iPhoneSimulator.Build.0 = Release|Any CPU
		{80A7274E-9B8D-487C-B7C6-19A6F6858464}.AppStore|iPhoneSimulator.Deploy.0 = Release|Any CPU
		{80A7274E-9B8D-487C-B7C6-19A6F6858464}.Debug|Any CPU.ActiveCfg = Debug|Any CPU
		{80A7274E-9B8D-487C-B7C6-19A6F6858464}.Debug|Any CPU.Build.0 = Debug|Any CPU
		{80A7274E-9B8D-487C-B7C6-19A6F6858464}.Debug|Any CPU.Deploy.0 = Debug|Any CPU
		{80A7274E-9B8D-487C-B7C6-19A6F6858464}.Debug|iPhone.ActiveCfg = Debug|Any CPU
		{80A7274E-9B8D-487C-B7C6-19A6F6858464}.Debug|iPhone.Build.0 = Debug|Any CPU
		{80A7274E-9B8D-487C-B7C6-19A6F6858464}.Debug|iPhone.Deploy.0 = Debug|Any CPU
		{80A7274E-9B8D-487C-B7C6-19A6F6858464}.Debug|iPhoneSimulator.ActiveCfg = Debug|Any CPU
		{80A7274E-9B8D-487C-B7C6-19A6F6858464}.Debug|iPhoneSimulator.Build.0 = Debug|Any CPU
		{80A7274E-9B8D-487C-B7C6-19A6F6858464}.Debug|iPhoneSimulator.Deploy.0 = Debug|Any CPU
		{80A7274E-9B8D-487C-B7C6-19A6F6858464}.Release|Any CPU.ActiveCfg = Release|Any CPU
		{80A7274E-9B8D-487C-B7C6-19A6F6858464}.Release|Any CPU.Build.0 = Release|Any CPU
		{80A7274E-9B8D-487C-B7C6-19A6F6858464}.Release|Any CPU.Deploy.0 = Release|Any CPU
		{80A7274E-9B8D-487C-B7C6-19A6F6858464}.Release|iPhone.ActiveCfg = Release|Any CPU
		{80A7274E-9B8D-487C-B7C6-19A6F6858464}.Release|iPhone.Build.0 = Release|Any CPU
		{80A7274E-9B8D-487C-B7C6-19A6F6858464}.Release|iPhone.Deploy.0 = Release|Any CPU
		{80A7274E-9B8D-487C-B7C6-19A6F6858464}.Release|iPhoneSimulator.ActiveCfg = Release|Any CPU
		{80A7274E-9B8D-487C-B7C6-19A6F6858464}.Release|iPhoneSimulator.Build.0 = Release|Any CPU
		{80A7274E-9B8D-487C-B7C6-19A6F6858464}.Release|iPhoneSimulator.Deploy.0 = Release|Any CPU
		{C925E382-4A13-4278-8C91-378912AC43AE}.Ad-Hoc|Any CPU.ActiveCfg = Ad-Hoc|iPhone
		{C925E382-4A13-4278-8C91-378912AC43AE}.Ad-Hoc|iPhone.ActiveCfg = Ad-Hoc|iPhone
		{C925E382-4A13-4278-8C91-378912AC43AE}.Ad-Hoc|iPhone.Build.0 = Ad-Hoc|iPhone
		{C925E382-4A13-4278-8C91-378912AC43AE}.Ad-Hoc|iPhoneSimulator.ActiveCfg = Ad-Hoc|iPhoneSimulator
		{C925E382-4A13-4278-8C91-378912AC43AE}.Ad-Hoc|iPhoneSimulator.Build.0 = Ad-Hoc|iPhoneSimulator
		{C925E382-4A13-4278-8C91-378912AC43AE}.AppStore|Any CPU.ActiveCfg = AppStore|iPhone
		{C925E382-4A13-4278-8C91-378912AC43AE}.AppStore|iPhone.ActiveCfg = AppStore|iPhone
		{C925E382-4A13-4278-8C91-378912AC43AE}.AppStore|iPhone.Build.0 = AppStore|iPhone
		{C925E382-4A13-4278-8C91-378912AC43AE}.AppStore|iPhoneSimulator.ActiveCfg = AppStore|iPhoneSimulator
		{C925E382-4A13-4278-8C91-378912AC43AE}.AppStore|iPhoneSimulator.Build.0 = AppStore|iPhoneSimulator
		{C925E382-4A13-4278-8C91-378912AC43AE}.Debug|Any CPU.ActiveCfg = Debug|iPhone
		{C925E382-4A13-4278-8C91-378912AC43AE}.Debug|iPhone.ActiveCfg = Debug|iPhone
		{C925E382-4A13-4278-8C91-378912AC43AE}.Debug|iPhone.Build.0 = Debug|iPhone
		{C925E382-4A13-4278-8C91-378912AC43AE}.Debug|iPhoneSimulator.ActiveCfg = Debug|iPhoneSimulator
		{C925E382-4A13-4278-8C91-378912AC43AE}.Debug|iPhoneSimulator.Build.0 = Debug|iPhoneSimulator
		{C925E382-4A13-4278-8C91-378912AC43AE}.Release|Any CPU.ActiveCfg = Release|iPhone
		{C925E382-4A13-4278-8C91-378912AC43AE}.Release|iPhone.ActiveCfg = Release|iPhone
		{C925E382-4A13-4278-8C91-378912AC43AE}.Release|iPhone.Build.0 = Release|iPhone
		{C925E382-4A13-4278-8C91-378912AC43AE}.Release|iPhoneSimulator.ActiveCfg = Release|iPhoneSimulator
		{C925E382-4A13-4278-8C91-378912AC43AE}.Release|iPhoneSimulator.Build.0 = Release|iPhoneSimulator
	EndGlobalSection
	GlobalSection(SolutionProperties) = preSolution
		HideSolutionNode = FALSE
	EndGlobalSection
	GlobalSection(ExtensibilityGlobals) = postSolution
		SolutionGuid = {BA73870E-CA31-4609-8972-1BBF4BA9657E}
	EndGlobalSection
EndGlobal
